// !$*UTF8*$!
{
	archiveVersion = 1;
	classes = {
	};
	objectVersion = 46;
	objects = {

/* Begin PBXBuildFile section */
		1812F22819009F4000377FB9 /* ChartVC.m in Sources */ = {isa = PBXBuildFile; fileRef = 1812F22719009F4000377FB9 /* ChartVC.m */; };
		1812F2321900B17700377FB9 /* ScanCodeVC.m in Sources */ = {isa = PBXBuildFile; fileRef = 1812F2311900B17700377FB9 /* ScanCodeVC.m */; };
		1812F25A1900B3C400377FB9 /* AVFoundation.framework in Frameworks */ = {isa = PBXBuildFile; fileRef = 1812F2591900B3C400377FB9 /* AVFoundation.framework */; };
		1812F25C1900B3D800377FB9 /* CoreMedia.framework in Frameworks */ = {isa = PBXBuildFile; fileRef = 1812F25B1900B3D800377FB9 /* CoreMedia.framework */; };
		1812F25E1900B3E900377FB9 /* CoreVideo.framework in Frameworks */ = {isa = PBXBuildFile; fileRef = 1812F25D1900B3E900377FB9 /* CoreVideo.framework */; };
		1812F2601900B41900377FB9 /* QuartzCore.framework in Frameworks */ = {isa = PBXBuildFile; fileRef = 1812F25F1900B41900377FB9 /* QuartzCore.framework */; };
		1812F2621900B43200377FB9 /* libiconv.dylib in Frameworks */ = {isa = PBXBuildFile; fileRef = 1812F2611900B43200377FB9 /* libiconv.dylib */; };
		1815FE24190198CE007279F2 /* BarChartView.m in Sources */ = {isa = PBXBuildFile; fileRef = 1815FE23190198CE007279F2 /* BarChartView.m */; };
		181A4E8718F439250037299D /* ViewAccountVC.m in Sources */ = {isa = PBXBuildFile; fileRef = 181A4E8618F439250037299D /* ViewAccountVC.m */; };
		181A4E8C18F4734A0037299D /* PeriodRecordsVC.m in Sources */ = {isa = PBXBuildFile; fileRef = 181A4E8B18F4734A0037299D /* PeriodRecordsVC.m */; };
		181A4E8F18F476F90037299D /* AllRecordsVC.m in Sources */ = {isa = PBXBuildFile; fileRef = 181A4E8E18F476F90037299D /* AllRecordsVC.m */; };
		181A4E9218F47B920037299D /* DebtVC.m in Sources */ = {isa = PBXBuildFile; fileRef = 181A4E9118F47B920037299D /* DebtVC.m */; };
		1820CC5F18FC890E007769C5 /* MoneyOperation.m in Sources */ = {isa = PBXBuildFile; fileRef = 1820CC5E18FC890E007769C5 /* MoneyOperation.m */; };
		1853BF5318F2A27000DBFC2A /* Foundation.framework in Frameworks */ = {isa = PBXBuildFile; fileRef = 1853BF5218F2A27000DBFC2A /* Foundation.framework */; };
		1853BF5518F2A27000DBFC2A /* CoreGraphics.framework in Frameworks */ = {isa = PBXBuildFile; fileRef = 1853BF5418F2A27000DBFC2A /* CoreGraphics.framework */; };
		1853BF5718F2A27000DBFC2A /* UIKit.framework in Frameworks */ = {isa = PBXBuildFile; fileRef = 1853BF5618F2A27000DBFC2A /* UIKit.framework */; };
		1853BF5918F2A27000DBFC2A /* CoreData.framework in Frameworks */ = {isa = PBXBuildFile; fileRef = 1853BF5818F2A27000DBFC2A /* CoreData.framework */; };
		1853BF5F18F2A27000DBFC2A /* InfoPlist.strings in Resources */ = {isa = PBXBuildFile; fileRef = 1853BF5D18F2A27000DBFC2A /* InfoPlist.strings */; };
		1853BF6118F2A27000DBFC2A /* main.m in Sources */ = {isa = PBXBuildFile; fileRef = 1853BF6018F2A27000DBFC2A /* main.m */; };
		1853BF6518F2A27000DBFC2A /* AppDelegate.m in Sources */ = {isa = PBXBuildFile; fileRef = 1853BF6418F2A27000DBFC2A /* AppDelegate.m */; };
		1853BF6818F2A27000DBFC2A /* MyAccount.xcdatamodeld in Sources */ = {isa = PBXBuildFile; fileRef = 1853BF6618F2A27000DBFC2A /* MyAccount.xcdatamodeld */; };
		1853BF6A18F2A27000DBFC2A /* Images.xcassets in Resources */ = {isa = PBXBuildFile; fileRef = 1853BF6918F2A27000DBFC2A /* Images.xcassets */; };
		1853BF7118F2A27000DBFC2A /* XCTest.framework in Frameworks */ = {isa = PBXBuildFile; fileRef = 1853BF7018F2A27000DBFC2A /* XCTest.framework */; };
		1853BF7218F2A27000DBFC2A /* Foundation.framework in Frameworks */ = {isa = PBXBuildFile; fileRef = 1853BF5218F2A27000DBFC2A /* Foundation.framework */; };
		1853BF7318F2A27000DBFC2A /* UIKit.framework in Frameworks */ = {isa = PBXBuildFile; fileRef = 1853BF5618F2A27000DBFC2A /* UIKit.framework */; };
		1853BF7418F2A27000DBFC2A /* CoreData.framework in Frameworks */ = {isa = PBXBuildFile; fileRef = 1853BF5818F2A27000DBFC2A /* CoreData.framework */; };
		1853BF7C18F2A27000DBFC2A /* InfoPlist.strings in Resources */ = {isa = PBXBuildFile; fileRef = 1853BF7A18F2A27000DBFC2A /* InfoPlist.strings */; };
		1853BF7E18F2A27000DBFC2A /* MyAccountTests.m in Sources */ = {isa = PBXBuildFile; fileRef = 1853BF7D18F2A27000DBFC2A /* MyAccountTests.m */; };
		1853BF9518F2B5A800DBFC2A /* MyAccountStoryBoard.storyboard in Resources */ = {isa = PBXBuildFile; fileRef = 1853BF9418F2B5A800DBFC2A /* MyAccountStoryBoard.storyboard */; };
		1890C01118F83CE600F44114 /* Debt.m in Sources */ = {isa = PBXBuildFile; fileRef = 1890C01018F83CE600F44114 /* Debt.m */; };
		1890C01418F83CE700F44114 /* Record.m in Sources */ = {isa = PBXBuildFile; fileRef = 1890C01318F83CE700F44114 /* Record.m */; };
		18A0389718FA0AD5001152BF /* ViewDetailVC.m in Sources */ = {isa = PBXBuildFile; fileRef = 18A0389618FA0AD5001152BF /* ViewDetailVC.m */; };
		18A0389C18FA1244001152BF /* AboutVC.m in Sources */ = {isa = PBXBuildFile; fileRef = 18A0389B18FA1244001152BF /* AboutVC.m */; };
		18A0389F18FA1359001152BF /* RecordsDetailVC.m in Sources */ = {isa = PBXBuildFile; fileRef = 18A0389E18FA1359001152BF /* RecordsDetailVC.m */; };
		18A514EE18F72E3300E4B783 /* NewRecordVC.m in Sources */ = {isa = PBXBuildFile; fileRef = 18A514ED18F72E3300E4B783 /* NewRecordVC.m */; };
		18B59F2C18F5D4B800B07C10 /* DateOperation.m in Sources */ = {isa = PBXBuildFile; fileRef = 18B59F2B18F5D4B800B07C10 /* DateOperation.m */; };
		18BCF469190858080020DA85 /* libzbar.a in Frameworks */ = {isa = PBXBuildFile; fileRef = 18BCF463190858080020DA85 /* libzbar.a */; };
		18BCF46A190858090020DA85 /* libzbar.a in Frameworks */ = {isa = PBXBuildFile; fileRef = 18BCF463190858080020DA85 /* libzbar.a */; };
		18BCF46B190858090020DA85 /* zbar-back.png in Resources */ = {isa = PBXBuildFile; fileRef = 18BCF465190858080020DA85 /* zbar-back.png */; };
		18BCF46C190858090020DA85 /* zbar-back.png in Resources */ = {isa = PBXBuildFile; fileRef = 18BCF465190858080020DA85 /* zbar-back.png */; };
		18BCF46D190858090020DA85 /* zbar-help.html in Resources */ = {isa = PBXBuildFile; fileRef = 18BCF466190858080020DA85 /* zbar-help.html */; };
		18BCF46E190858090020DA85 /* zbar-help.html in Resources */ = {isa = PBXBuildFile; fileRef = 18BCF466190858080020DA85 /* zbar-help.html */; };
		18BCF46F190858090020DA85 /* zbar-helpicons.png in Resources */ = {isa = PBXBuildFile; fileRef = 18BCF467190858080020DA85 /* zbar-helpicons.png */; };
		18BCF470190858090020DA85 /* zbar-helpicons.png in Resources */ = {isa = PBXBuildFile; fileRef = 18BCF467190858080020DA85 /* zbar-helpicons.png */; };
		18BCF471190858090020DA85 /* zbar-samples.png in Resources */ = {isa = PBXBuildFile; fileRef = 18BCF468190858080020DA85 /* zbar-samples.png */; };
		18BCF472190858090020DA85 /* zbar-samples.png in Resources */ = {isa = PBXBuildFile; fileRef = 18BCF468190858080020DA85 /* zbar-samples.png */; };
		18BCF4741908596F0020DA85 /* book-32.png in Resources */ = {isa = PBXBuildFile; fileRef = 18BCF4731908596F0020DA85 /* book-32.png */; };
		18BCF4751908596F0020DA85 /* book-32.png in Resources */ = {isa = PBXBuildFile; fileRef = 18BCF4731908596F0020DA85 /* book-32.png */; };
		18BCF4771908597A0020DA85 /* leave-32.png in Resources */ = {isa = PBXBuildFile; fileRef = 18BCF4761908597A0020DA85 /* leave-32.png */; };
		18BCF4781908597A0020DA85 /* leave-32.png in Resources */ = {isa = PBXBuildFile; fileRef = 18BCF4761908597A0020DA85 /* leave-32.png */; };
		18BCF47A190859810020DA85 /* list-32.png in Resources */ = {isa = PBXBuildFile; fileRef = 18BCF479190859810020DA85 /* list-32.png */; };
		18BCF47B190859810020DA85 /* list-32.png in Resources */ = {isa = PBXBuildFile; fileRef = 18BCF479190859810020DA85 /* list-32.png */; };
		18BCF47D1908598A0020DA85 /* combo-32.png in Resources */ = {isa = PBXBuildFile; fileRef = 18BCF47C1908598A0020DA85 /* combo-32.png */; };
		18BCF47E1908598A0020DA85 /* combo-32.png in Resources */ = {isa = PBXBuildFile; fileRef = 18BCF47C1908598A0020DA85 /* combo-32.png */; };
		18BCF480190859D20020DA85 /* info-32.png in Resources */ = {isa = PBXBuildFile; fileRef = 18BCF47F190859D20020DA85 /* info-32.png */; };
		18BCF481190859D20020DA85 /* info-32.png in Resources */ = {isa = PBXBuildFile; fileRef = 18BCF47F190859D20020DA85 /* info-32.png */; };
		18BCF48319085A110020DA85 /* EUR-32.png in Resources */ = {isa = PBXBuildFile; fileRef = 18BCF48219085A110020DA85 /* EUR-32.png */; };
		18BCF48419085A110020DA85 /* EUR-32.png in Resources */ = {isa = PBXBuildFile; fileRef = 18BCF48219085A110020DA85 /* EUR-32.png */; };
		18D881E018FB39BC0091502C /* CoreDataTableTableViewController.m in Sources */ = {isa = PBXBuildFile; fileRef = 18D881DF18FB39BC0091502C /* CoreDataTableTableViewController.m */; };
/* End PBXBuildFile section */

/* Begin PBXContainerItemProxy section */
		1853BF7518F2A27000DBFC2A /* PBXContainerItemProxy */ = {
			isa = PBXContainerItemProxy;
			containerPortal = 1853BF4718F2A27000DBFC2A /* Project object */;
			proxyType = 1;
			remoteGlobalIDString = 1853BF4E18F2A27000DBFC2A;
			remoteInfo = MyAccount;
		};
/* End PBXContainerItemProxy section */

/* Begin PBXFileReference section */
		1812F22619009F4000377FB9 /* ChartVC.h */ = {isa = PBXFileReference; fileEncoding = 4; lastKnownFileType = sourcecode.c.h; path = ChartVC.h; sourceTree = "<group>"; };
		1812F22719009F4000377FB9 /* ChartVC.m */ = {isa = PBXFileReference; fileEncoding = 4; lastKnownFileType = sourcecode.c.objc; path = ChartVC.m; sourceTree = "<group>"; };
		1812F2301900B17700377FB9 /* ScanCodeVC.h */ = {isa = PBXFileReference; fileEncoding = 4; lastKnownFileType = sourcecode.c.h; path = ScanCodeVC.h; sourceTree = "<group>"; };
		1812F2311900B17700377FB9 /* ScanCodeVC.m */ = {isa = PBXFileReference; fileEncoding = 4; lastKnownFileType = sourcecode.c.objc; path = ScanCodeVC.m; sourceTree = "<group>"; };
		1812F2591900B3C400377FB9 /* AVFoundation.framework */ = {isa = PBXFileReference; lastKnownFileType = wrapper.framework; name = AVFoundation.framework; path = System/Library/Frameworks/AVFoundation.framework; sourceTree = SDKROOT; };
		1812F25B1900B3D800377FB9 /* CoreMedia.framework */ = {isa = PBXFileReference; lastKnownFileType = wrapper.framework; name = CoreMedia.framework; path = System/Library/Frameworks/CoreMedia.framework; sourceTree = SDKROOT; };
		1812F25D1900B3E900377FB9 /* CoreVideo.framework */ = {isa = PBXFileReference; lastKnownFileType = wrapper.framework; name = CoreVideo.framework; path = System/Library/Frameworks/CoreVideo.framework; sourceTree = SDKROOT; };
		1812F25F1900B41900377FB9 /* QuartzCore.framework */ = {isa = PBXFileReference; lastKnownFileType = wrapper.framework; name = QuartzCore.framework; path = System/Library/Frameworks/QuartzCore.framework; sourceTree = SDKROOT; };
		1812F2611900B43200377FB9 /* libiconv.dylib */ = {isa = PBXFileReference; lastKnownFileType = "compiled.mach-o.dylib"; name = libiconv.dylib; path = usr/lib/libiconv.dylib; sourceTree = SDKROOT; };
		1815FE22190198CE007279F2 /* BarChartView.h */ = {isa = PBXFileReference; fileEncoding = 4; lastKnownFileType = sourcecode.c.h; path = BarChartView.h; sourceTree = "<group>"; };
		1815FE23190198CE007279F2 /* BarChartView.m */ = {isa = PBXFileReference; fileEncoding = 4; lastKnownFileType = sourcecode.c.objc; path = BarChartView.m; sourceTree = "<group>"; };
		181A4E8518F439250037299D /* ViewAccountVC.h */ = {isa = PBXFileReference; fileEncoding = 4; lastKnownFileType = sourcecode.c.h; path = ViewAccountVC.h; sourceTree = "<group>"; };
		181A4E8618F439250037299D /* ViewAccountVC.m */ = {isa = PBXFileReference; fileEncoding = 4; lastKnownFileType = sourcecode.c.objc; path = ViewAccountVC.m; sourceTree = "<group>"; };
		181A4E8A18F4734A0037299D /* PeriodRecordsVC.h */ = {isa = PBXFileReference; fileEncoding = 4; lastKnownFileType = sourcecode.c.h; path = PeriodRecordsVC.h; sourceTree = "<group>"; };
		181A4E8B18F4734A0037299D /* PeriodRecordsVC.m */ = {isa = PBXFileReference; fileEncoding = 4; lastKnownFileType = sourcecode.c.objc; path = PeriodRecordsVC.m; sourceTree = "<group>"; };
		181A4E8D18F476F90037299D /* AllRecordsVC.h */ = {isa = PBXFileReference; fileEncoding = 4; lastKnownFileType = sourcecode.c.h; path = AllRecordsVC.h; sourceTree = "<group>"; };
		181A4E8E18F476F90037299D /* AllRecordsVC.m */ = {isa = PBXFileReference; fileEncoding = 4; lastKnownFileType = sourcecode.c.objc; path = AllRecordsVC.m; sourceTree = "<group>"; };
		181A4E9018F47B920037299D /* DebtVC.h */ = {isa = PBXFileReference; fileEncoding = 4; lastKnownFileType = sourcecode.c.h; path = DebtVC.h; sourceTree = "<group>"; };
		181A4E9118F47B920037299D /* DebtVC.m */ = {isa = PBXFileReference; fileEncoding = 4; lastKnownFileType = sourcecode.c.objc; path = DebtVC.m; sourceTree = "<group>"; };
		1820CC5D18FC890E007769C5 /* MoneyOperation.h */ = {isa = PBXFileReference; fileEncoding = 4; lastKnownFileType = sourcecode.c.h; path = MoneyOperation.h; sourceTree = "<group>"; };
		1820CC5E18FC890E007769C5 /* MoneyOperation.m */ = {isa = PBXFileReference; fileEncoding = 4; lastKnownFileType = sourcecode.c.objc; path = MoneyOperation.m; sourceTree = "<group>"; };
		1853BF4F18F2A27000DBFC2A /* MyAccount.app */ = {isa = PBXFileReference; explicitFileType = wrapper.application; includeInIndex = 0; path = MyAccount.app; sourceTree = BUILT_PRODUCTS_DIR; };
		1853BF5218F2A27000DBFC2A /* Foundation.framework */ = {isa = PBXFileReference; lastKnownFileType = wrapper.framework; name = Foundation.framework; path = System/Library/Frameworks/Foundation.framework; sourceTree = SDKROOT; };
		1853BF5418F2A27000DBFC2A /* CoreGraphics.framework */ = {isa = PBXFileReference; lastKnownFileType = wrapper.framework; name = CoreGraphics.framework; path = System/Library/Frameworks/CoreGraphics.framework; sourceTree = SDKROOT; };
		1853BF5618F2A27000DBFC2A /* UIKit.framework */ = {isa = PBXFileReference; lastKnownFileType = wrapper.framework; name = UIKit.framework; path = System/Library/Frameworks/UIKit.framework; sourceTree = SDKROOT; };
		1853BF5818F2A27000DBFC2A /* CoreData.framework */ = {isa = PBXFileReference; lastKnownFileType = wrapper.framework; name = CoreData.framework; path = System/Library/Frameworks/CoreData.framework; sourceTree = SDKROOT; };
		1853BF5C18F2A27000DBFC2A /* MyAccount-Info.plist */ = {isa = PBXFileReference; lastKnownFileType = text.plist.xml; path = "MyAccount-Info.plist"; sourceTree = "<group>"; };
		1853BF5E18F2A27000DBFC2A /* en */ = {isa = PBXFileReference; lastKnownFileType = text.plist.strings; name = en; path = en.lproj/InfoPlist.strings; sourceTree = "<group>"; };
		1853BF6018F2A27000DBFC2A /* main.m */ = {isa = PBXFileReference; lastKnownFileType = sourcecode.c.objc; path = main.m; sourceTree = "<group>"; usesTabs = 0; wrapsLines = 1; };
		1853BF6218F2A27000DBFC2A /* MyAccount-Prefix.pch */ = {isa = PBXFileReference; lastKnownFileType = sourcecode.c.h; path = "MyAccount-Prefix.pch"; sourceTree = "<group>"; };
		1853BF6318F2A27000DBFC2A /* AppDelegate.h */ = {isa = PBXFileReference; lastKnownFileType = sourcecode.c.h; path = AppDelegate.h; sourceTree = "<group>"; };
		1853BF6418F2A27000DBFC2A /* AppDelegate.m */ = {isa = PBXFileReference; lastKnownFileType = sourcecode.c.objc; path = AppDelegate.m; sourceTree = "<group>"; };
		1853BF6718F2A27000DBFC2A /* MyAccount.xcdatamodel */ = {isa = PBXFileReference; lastKnownFileType = wrapper.xcdatamodel; path = MyAccount.xcdatamodel; sourceTree = "<group>"; };
		1853BF6918F2A27000DBFC2A /* Images.xcassets */ = {isa = PBXFileReference; lastKnownFileType = folder.assetcatalog; path = Images.xcassets; sourceTree = "<group>"; };
		1853BF6F18F2A27000DBFC2A /* MyAccountTests.xctest */ = {isa = PBXFileReference; explicitFileType = wrapper.cfbundle; includeInIndex = 0; path = MyAccountTests.xctest; sourceTree = BUILT_PRODUCTS_DIR; };
		1853BF7018F2A27000DBFC2A /* XCTest.framework */ = {isa = PBXFileReference; lastKnownFileType = wrapper.framework; name = XCTest.framework; path = Library/Frameworks/XCTest.framework; sourceTree = DEVELOPER_DIR; };
		1853BF7918F2A27000DBFC2A /* MyAccountTests-Info.plist */ = {isa = PBXFileReference; lastKnownFileType = text.plist.xml; path = "MyAccountTests-Info.plist"; sourceTree = "<group>"; };
		1853BF7B18F2A27000DBFC2A /* en */ = {isa = PBXFileReference; lastKnownFileType = text.plist.strings; name = en; path = en.lproj/InfoPlist.strings; sourceTree = "<group>"; };
		1853BF7D18F2A27000DBFC2A /* MyAccountTests.m */ = {isa = PBXFileReference; lastKnownFileType = sourcecode.c.objc; path = MyAccountTests.m; sourceTree = "<group>"; };
		1853BF9418F2B5A800DBFC2A /* MyAccountStoryBoard.storyboard */ = {isa = PBXFileReference; fileEncoding = 4; lastKnownFileType = file.storyboard; name = MyAccountStoryBoard.storyboard; path = MyAccount/MyAccountStoryBoard.storyboard; sourceTree = "<group>"; };
		1890C00F18F83CE600F44114 /* Debt.h */ = {isa = PBXFileReference; fileEncoding = 4; lastKnownFileType = sourcecode.c.h; path = Debt.h; sourceTree = "<group>"; };
		1890C01018F83CE600F44114 /* Debt.m */ = {isa = PBXFileReference; fileEncoding = 4; lastKnownFileType = sourcecode.c.objc; path = Debt.m; sourceTree = "<group>"; };
		1890C01218F83CE700F44114 /* Record.h */ = {isa = PBXFileReference; fileEncoding = 4; lastKnownFileType = sourcecode.c.h; path = Record.h; sourceTree = "<group>"; };
		1890C01318F83CE700F44114 /* Record.m */ = {isa = PBXFileReference; fileEncoding = 4; lastKnownFileType = sourcecode.c.objc; path = Record.m; sourceTree = "<group>"; };
		1897F5AE18F770E3009D460F /* MyAccountSceondModel.xcdatamodel */ = {isa = PBXFileReference; lastKnownFileType = wrapper.xcdatamodel; path = MyAccountSceondModel.xcdatamodel; sourceTree = "<group>"; };
		18A0389518FA0AD5001152BF /* ViewDetailVC.h */ = {isa = PBXFileReference; fileEncoding = 4; lastKnownFileType = sourcecode.c.h; path = ViewDetailVC.h; sourceTree = "<group>"; };
		18A0389618FA0AD5001152BF /* ViewDetailVC.m */ = {isa = PBXFileReference; fileEncoding = 4; lastKnownFileType = sourcecode.c.objc; path = ViewDetailVC.m; sourceTree = "<group>"; };
		18A0389A18FA1244001152BF /* AboutVC.h */ = {isa = PBXFileReference; fileEncoding = 4; lastKnownFileType = sourcecode.c.h; path = AboutVC.h; sourceTree = "<group>"; };
		18A0389B18FA1244001152BF /* AboutVC.m */ = {isa = PBXFileReference; fileEncoding = 4; lastKnownFileType = sourcecode.c.objc; path = AboutVC.m; sourceTree = "<group>"; };
		18A0389D18FA1359001152BF /* RecordsDetailVC.h */ = {isa = PBXFileReference; fileEncoding = 4; lastKnownFileType = sourcecode.c.h; path = RecordsDetailVC.h; sourceTree = "<group>"; };
		18A0389E18FA1359001152BF /* RecordsDetailVC.m */ = {isa = PBXFileReference; fileEncoding = 4; lastKnownFileType = sourcecode.c.objc; path = RecordsDetailVC.m; sourceTree = "<group>"; };
		18A514EC18F72E3300E4B783 /* NewRecordVC.h */ = {isa = PBXFileReference; fileEncoding = 4; lastKnownFileType = sourcecode.c.h; path = NewRecordVC.h; sourceTree = "<group>"; };
		18A514ED18F72E3300E4B783 /* NewRecordVC.m */ = {isa = PBXFileReference; fileEncoding = 4; lastKnownFileType = sourcecode.c.objc; path = NewRecordVC.m; sourceTree = "<group>"; };
		18B59F2A18F5D4B800B07C10 /* DateOperation.h */ = {isa = PBXFileReference; fileEncoding = 4; lastKnownFileType = sourcecode.c.h; path = DateOperation.h; sourceTree = "<group>"; };
		18B59F2B18F5D4B800B07C10 /* DateOperation.m */ = {isa = PBXFileReference; fileEncoding = 4; lastKnownFileType = sourcecode.c.objc; path = DateOperation.m; sourceTree = "<group>"; };
		18BCF44F190858080020DA85 /* Decoder.h */ = {isa = PBXFileReference; fileEncoding = 4; lastKnownFileType = sourcecode.c.h; path = Decoder.h; sourceTree = "<group>"; };
		18BCF450190858080020DA85 /* Exception.h */ = {isa = PBXFileReference; fileEncoding = 4; lastKnownFileType = sourcecode.c.h; path = Exception.h; sourceTree = "<group>"; };
		18BCF451190858080020DA85 /* Image.h */ = {isa = PBXFileReference; fileEncoding = 4; lastKnownFileType = sourcecode.c.h; path = Image.h; sourceTree = "<group>"; };
		18BCF452190858080020DA85 /* ImageScanner.h */ = {isa = PBXFileReference; fileEncoding = 4; lastKnownFileType = sourcecode.c.h; path = ImageScanner.h; sourceTree = "<group>"; };
		18BCF453190858080020DA85 /* Processor.h */ = {isa = PBXFileReference; fileEncoding = 4; lastKnownFileType = sourcecode.c.h; path = Processor.h; sourceTree = "<group>"; };
		18BCF454190858080020DA85 /* Scanner.h */ = {isa = PBXFileReference; fileEncoding = 4; lastKnownFileType = sourcecode.c.h; path = Scanner.h; sourceTree = "<group>"; };
		18BCF455190858080020DA85 /* Symbol.h */ = {isa = PBXFileReference; fileEncoding = 4; lastKnownFileType = sourcecode.c.h; path = Symbol.h; sourceTree = "<group>"; };
		18BCF456190858080020DA85 /* Video.h */ = {isa = PBXFileReference; fileEncoding = 4; lastKnownFileType = sourcecode.c.h; path = Video.h; sourceTree = "<group>"; };
		18BCF457190858080020DA85 /* Window.h */ = {isa = PBXFileReference; fileEncoding = 4; lastKnownFileType = sourcecode.c.h; path = Window.h; sourceTree = "<group>"; };
		18BCF458190858080020DA85 /* zbar.h */ = {isa = PBXFileReference; fileEncoding = 4; lastKnownFileType = sourcecode.c.h; path = zbar.h; sourceTree = "<group>"; };
		18BCF459190858080020DA85 /* ZBarCameraSimulator.h */ = {isa = PBXFileReference; fileEncoding = 4; lastKnownFileType = sourcecode.c.h; path = ZBarCameraSimulator.h; sourceTree = "<group>"; };
		18BCF45A190858080020DA85 /* ZBarCaptureReader.h */ = {isa = PBXFileReference; fileEncoding = 4; lastKnownFileType = sourcecode.c.h; path = ZBarCaptureReader.h; sourceTree = "<group>"; };
		18BCF45B190858080020DA85 /* ZBarHelpController.h */ = {isa = PBXFileReference; fileEncoding = 4; lastKnownFileType = sourcecode.c.h; path = ZBarHelpController.h; sourceTree = "<group>"; };
		18BCF45C190858080020DA85 /* ZBarImage.h */ = {isa = PBXFileReference; fileEncoding = 4; lastKnownFileType = sourcecode.c.h; path = ZBarImage.h; sourceTree = "<group>"; };
		18BCF45D190858080020DA85 /* ZBarImageScanner.h */ = {isa = PBXFileReference; fileEncoding = 4; lastKnownFileType = sourcecode.c.h; path = ZBarImageScanner.h; sourceTree = "<group>"; };
		18BCF45E190858080020DA85 /* ZBarReaderController.h */ = {isa = PBXFileReference; fileEncoding = 4; lastKnownFileType = sourcecode.c.h; path = ZBarReaderController.h; sourceTree = "<group>"; };
		18BCF45F190858080020DA85 /* ZBarReaderView.h */ = {isa = PBXFileReference; fileEncoding = 4; lastKnownFileType = sourcecode.c.h; path = ZBarReaderView.h; sourceTree = "<group>"; };
		18BCF460190858080020DA85 /* ZBarReaderViewController.h */ = {isa = PBXFileReference; fileEncoding = 4; lastKnownFileType = sourcecode.c.h; path = ZBarReaderViewController.h; sourceTree = "<group>"; };
		18BCF461190858080020DA85 /* ZBarSDK.h */ = {isa = PBXFileReference; fileEncoding = 4; lastKnownFileType = sourcecode.c.h; path = ZBarSDK.h; sourceTree = "<group>"; };
		18BCF462190858080020DA85 /* ZBarSymbol.h */ = {isa = PBXFileReference; fileEncoding = 4; lastKnownFileType = sourcecode.c.h; path = ZBarSymbol.h; sourceTree = "<group>"; };
		18BCF463190858080020DA85 /* libzbar.a */ = {isa = PBXFileReference; lastKnownFileType = archive.ar; path = libzbar.a; sourceTree = "<group>"; };
		18BCF465190858080020DA85 /* zbar-back.png */ = {isa = PBXFileReference; lastKnownFileType = image.png; path = "zbar-back.png"; sourceTree = "<group>"; };
		18BCF466190858080020DA85 /* zbar-help.html */ = {isa = PBXFileReference; fileEncoding = 4; lastKnownFileType = text.html; path = "zbar-help.html"; sourceTree = "<group>"; };
		18BCF467190858080020DA85 /* zbar-helpicons.png */ = {isa = PBXFileReference; lastKnownFileType = image.png; path = "zbar-helpicons.png"; sourceTree = "<group>"; };
		18BCF468190858080020DA85 /* zbar-samples.png */ = {isa = PBXFileReference; lastKnownFileType = image.png; path = "zbar-samples.png"; sourceTree = "<group>"; };
		18BCF4731908596F0020DA85 /* book-32.png */ = {isa = PBXFileReference; lastKnownFileType = image.png; path = "book-32.png"; sourceTree = "<group>"; };
		18BCF4761908597A0020DA85 /* leave-32.png */ = {isa = PBXFileReference; lastKnownFileType = image.png; path = "leave-32.png"; sourceTree = "<group>"; };
		18BCF479190859810020DA85 /* list-32.png */ = {isa = PBXFileReference; lastKnownFileType = image.png; path = "list-32.png"; sourceTree = "<group>"; };
		18BCF47C1908598A0020DA85 /* combo-32.png */ = {isa = PBXFileReference; lastKnownFileType = image.png; path = "combo-32.png"; sourceTree = "<group>"; };
		18BCF47F190859D20020DA85 /* info-32.png */ = {isa = PBXFileReference; lastKnownFileType = image.png; path = "info-32.png"; sourceTree = "<group>"; };
		18BCF48219085A110020DA85 /* EUR-32.png */ = {isa = PBXFileReference; lastKnownFileType = image.png; path = "EUR-32.png"; sourceTree = "<group>"; };
		18D881DE18FB39BC0091502C /* CoreDataTableTableViewController.h */ = {isa = PBXFileReference; fileEncoding = 4; lastKnownFileType = sourcecode.c.h; path = CoreDataTableTableViewController.h; sourceTree = "<group>"; };
		18D881DF18FB39BC0091502C /* CoreDataTableTableViewController.m */ = {isa = PBXFileReference; fileEncoding = 4; lastKnownFileType = sourcecode.c.objc; path = CoreDataTableTableViewController.m; sourceTree = "<group>"; };
/* End PBXFileReference section */

/* Begin PBXFrameworksBuildPhase section */
		1853BF4C18F2A27000DBFC2A /* Frameworks */ = {
			isa = PBXFrameworksBuildPhase;
			buildActionMask = 2147483647;
			files = (
				1812F2621900B43200377FB9 /* libiconv.dylib in Frameworks */,
				1812F2601900B41900377FB9 /* QuartzCore.framework in Frameworks */,
				1812F25E1900B3E900377FB9 /* CoreVideo.framework in Frameworks */,
				1812F25C1900B3D800377FB9 /* CoreMedia.framework in Frameworks */,
				1812F25A1900B3C400377FB9 /* AVFoundation.framework in Frameworks */,
				1853BF5518F2A27000DBFC2A /* CoreGraphics.framework in Frameworks */,
				1853BF5918F2A27000DBFC2A /* CoreData.framework in Frameworks */,
				1853BF5718F2A27000DBFC2A /* UIKit.framework in Frameworks */,
				18BCF469190858080020DA85 /* libzbar.a in Frameworks */,
				1853BF5318F2A27000DBFC2A /* Foundation.framework in Frameworks */,
			);
			runOnlyForDeploymentPostprocessing = 0;
		};
		1853BF6C18F2A27000DBFC2A /* Frameworks */ = {
			isa = PBXFrameworksBuildPhase;
			buildActionMask = 2147483647;
			files = (
				1853BF7118F2A27000DBFC2A /* XCTest.framework in Frameworks */,
				1853BF7418F2A27000DBFC2A /* CoreData.framework in Frameworks */,
				18BCF46A190858090020DA85 /* libzbar.a in Frameworks */,
				1853BF7318F2A27000DBFC2A /* UIKit.framework in Frameworks */,
				1853BF7218F2A27000DBFC2A /* Foundation.framework in Frameworks */,
			);
			runOnlyForDeploymentPostprocessing = 0;
		};
/* End PBXFrameworksBuildPhase section */

/* Begin PBXGroup section */
		1812F22919009F4700377FB9 /* Chart */ = {
			isa = PBXGroup;
			children = (
				1815FE22190198CE007279F2 /* BarChartView.h */,
				1815FE23190198CE007279F2 /* BarChartView.m */,
				1812F22619009F4000377FB9 /* ChartVC.h */,
				1812F22719009F4000377FB9 /* ChartVC.m */,
			);
			name = Chart;
			path = MyAccount;
			sourceTree = "<group>";
		};
		1812F2331900B24D00377FB9 /* ScanCode */ = {
			isa = PBXGroup;
			children = (
				1812F2301900B17700377FB9 /* ScanCodeVC.h */,
				1812F2311900B17700377FB9 /* ScanCodeVC.m */,
			);
			name = ScanCode;
			path = MyAccount;
			sourceTree = "<group>";
		};
		1812F2341900B27000377FB9 /* Resources */ = {
			isa = PBXGroup;
			children = (
				18BCF44B190858080020DA85 /* ZBarSDK */,
			);
			name = Resources;
			path = MyAccount;
			sourceTree = "<group>";
		};
		1820CC5B18FC87EF007769C5 /* PictureSources */ = {
			isa = PBXGroup;
			children = (
				18BCF47F190859D20020DA85 /* info-32.png */,
				18BCF4761908597A0020DA85 /* leave-32.png */,
				18BCF48219085A110020DA85 /* EUR-32.png */,
				18BCF4731908596F0020DA85 /* book-32.png */,
				18BCF47C1908598A0020DA85 /* combo-32.png */,
				18BCF479190859810020DA85 /* list-32.png */,
			);
			name = PictureSources;
			sourceTree = "<group>";
		};
		1820CC5C18FC8846007769C5 /* CalculateMoney */ = {
			isa = PBXGroup;
			children = (
				1820CC5D18FC890E007769C5 /* MoneyOperation.h */,
				1820CC5E18FC890E007769C5 /* MoneyOperation.m */,
			);
			name = CalculateMoney;
			path = ..;
			sourceTree = "<group>";
		};
		1853BF4618F2A27000DBFC2A = {
			isa = PBXGroup;
			children = (
				1853BF9418F2B5A800DBFC2A /* MyAccountStoryBoard.storyboard */,
				1820CC5B18FC87EF007769C5 /* PictureSources */,
				1812F2341900B27000377FB9 /* Resources */,
				1853BF8718F2A2CE00DBFC2A /* CoreData */,
				18B59F2D18F5D4C200B07C10 /* OperateDate */,
				1812F22919009F4700377FB9 /* Chart */,
				1812F2331900B24D00377FB9 /* ScanCode */,
				1853BF5A18F2A27000DBFC2A /* MyAccount */,
				1853BF7718F2A27000DBFC2A /* MyAccountTests */,
				1853BF5118F2A27000DBFC2A /* Frameworks */,
				1853BF5018F2A27000DBFC2A /* Products */,
			);
			sourceTree = "<group>";
		};
		1853BF5018F2A27000DBFC2A /* Products */ = {
			isa = PBXGroup;
			children = (
				1853BF4F18F2A27000DBFC2A /* MyAccount.app */,
				1853BF6F18F2A27000DBFC2A /* MyAccountTests.xctest */,
			);
			name = Products;
			sourceTree = "<group>";
		};
		1853BF5118F2A27000DBFC2A /* Frameworks */ = {
			isa = PBXGroup;
			children = (
				1812F2611900B43200377FB9 /* libiconv.dylib */,
				1812F25F1900B41900377FB9 /* QuartzCore.framework */,
				1812F25D1900B3E900377FB9 /* CoreVideo.framework */,
				1812F25B1900B3D800377FB9 /* CoreMedia.framework */,
				1812F2591900B3C400377FB9 /* AVFoundation.framework */,
				1853BF5218F2A27000DBFC2A /* Foundation.framework */,
				1853BF5418F2A27000DBFC2A /* CoreGraphics.framework */,
				1853BF5618F2A27000DBFC2A /* UIKit.framework */,
				1853BF5818F2A27000DBFC2A /* CoreData.framework */,
				1853BF7018F2A27000DBFC2A /* XCTest.framework */,
			);
			name = Frameworks;
			sourceTree = "<group>";
		};
		1853BF5A18F2A27000DBFC2A /* MyAccount */ = {
			isa = PBXGroup;
			children = (
				18A0389D18FA1359001152BF /* RecordsDetailVC.h */,
				18A0389E18FA1359001152BF /* RecordsDetailVC.m */,
				18A0389518FA0AD5001152BF /* ViewDetailVC.h */,
				18A0389618FA0AD5001152BF /* ViewDetailVC.m */,
				18A514EC18F72E3300E4B783 /* NewRecordVC.h */,
				18A514ED18F72E3300E4B783 /* NewRecordVC.m */,
				181A4E9018F47B920037299D /* DebtVC.h */,
				181A4E9118F47B920037299D /* DebtVC.m */,
				181A4E8D18F476F90037299D /* AllRecordsVC.h */,
				181A4E8E18F476F90037299D /* AllRecordsVC.m */,
				181A4E8A18F4734A0037299D /* PeriodRecordsVC.h */,
				181A4E8B18F4734A0037299D /* PeriodRecordsVC.m */,
				181A4E8518F439250037299D /* ViewAccountVC.h */,
				181A4E8618F439250037299D /* ViewAccountVC.m */,
				1853BF6318F2A27000DBFC2A /* AppDelegate.h */,
				1853BF6418F2A27000DBFC2A /* AppDelegate.m */,
				18A0389A18FA1244001152BF /* AboutVC.h */,
				18A0389B18FA1244001152BF /* AboutVC.m */,
				1853BF6918F2A27000DBFC2A /* Images.xcassets */,
				1853BF5B18F2A27000DBFC2A /* Supporting Files */,
			);
			path = MyAccount;
			sourceTree = "<group>";
		};
		1853BF5B18F2A27000DBFC2A /* Supporting Files */ = {
			isa = PBXGroup;
			children = (
				1853BF5C18F2A27000DBFC2A /* MyAccount-Info.plist */,
				1853BF5D18F2A27000DBFC2A /* InfoPlist.strings */,
				1853BF6018F2A27000DBFC2A /* main.m */,
				1853BF6218F2A27000DBFC2A /* MyAccount-Prefix.pch */,
			);
			name = "Supporting Files";
			sourceTree = "<group>";
		};
		1853BF7718F2A27000DBFC2A /* MyAccountTests */ = {
			isa = PBXGroup;
			children = (
				1853BF7D18F2A27000DBFC2A /* MyAccountTests.m */,
				1853BF7818F2A27000DBFC2A /* Supporting Files */,
			);
			path = MyAccountTests;
			sourceTree = "<group>";
		};
		1853BF7818F2A27000DBFC2A /* Supporting Files */ = {
			isa = PBXGroup;
			children = (
				1853BF7918F2A27000DBFC2A /* MyAccountTests-Info.plist */,
				1853BF7A18F2A27000DBFC2A /* InfoPlist.strings */,
			);
			name = "Supporting Files";
			sourceTree = "<group>";
		};
		1853BF8718F2A2CE00DBFC2A /* CoreData */ = {
			isa = PBXGroup;
			children = (
				1853BF6618F2A27000DBFC2A /* MyAccount.xcdatamodeld */,
				1890C01218F83CE700F44114 /* Record.h */,
				1890C01318F83CE700F44114 /* Record.m */,
				1890C00F18F83CE600F44114 /* Debt.h */,
				1890C01018F83CE600F44114 /* Debt.m */,
				18D881DE18FB39BC0091502C /* CoreDataTableTableViewController.h */,
				18D881DF18FB39BC0091502C /* CoreDataTableTableViewController.m */,
				1820CC5C18FC8846007769C5 /* CalculateMoney */,
			);
			name = CoreData;
			path = MyAccount;
			sourceTree = "<group>";
		};
		18B59F2D18F5D4C200B07C10 /* OperateDate */ = {
			isa = PBXGroup;
			children = (
				18B59F2A18F5D4B800B07C10 /* DateOperation.h */,
				18B59F2B18F5D4B800B07C10 /* DateOperation.m */,
			);
			name = OperateDate;
			path = MyAccount;
			sourceTree = "<group>";
		};
		18BCF44B190858080020DA85 /* ZBarSDK */ = {
			isa = PBXGroup;
			children = (
				18BCF44C190858080020DA85 /* Headers */,
				18BCF463190858080020DA85 /* libzbar.a */,
				18BCF464190858080020DA85 /* Resources */,
			);
			path = ZBarSDK;
			sourceTree = "<group>";
		};
		18BCF44C190858080020DA85 /* Headers */ = {
			isa = PBXGroup;
			children = (
				18BCF44D190858080020DA85 /* ZBarSDK */,
			);
			path = Headers;
			sourceTree = "<group>";
		};
		18BCF44D190858080020DA85 /* ZBarSDK */ = {
			isa = PBXGroup;
			children = (
				18BCF44E190858080020DA85 /* zbar */,
				18BCF458190858080020DA85 /* zbar.h */,
				18BCF459190858080020DA85 /* ZBarCameraSimulator.h */,
				18BCF45A190858080020DA85 /* ZBarCaptureReader.h */,
				18BCF45B190858080020DA85 /* ZBarHelpController.h */,
				18BCF45C190858080020DA85 /* ZBarImage.h */,
				18BCF45D190858080020DA85 /* ZBarImageScanner.h */,
				18BCF45E190858080020DA85 /* ZBarReaderController.h */,
				18BCF45F190858080020DA85 /* ZBarReaderView.h */,
				18BCF460190858080020DA85 /* ZBarReaderViewController.h */,
				18BCF461190858080020DA85 /* ZBarSDK.h */,
				18BCF462190858080020DA85 /* ZBarSymbol.h */,
			);
			path = ZBarSDK;
			sourceTree = "<group>";
		};
		18BCF44E190858080020DA85 /* zbar */ = {
			isa = PBXGroup;
			children = (
				18BCF44F190858080020DA85 /* Decoder.h */,
				18BCF450190858080020DA85 /* Exception.h */,
				18BCF451190858080020DA85 /* Image.h */,
				18BCF452190858080020DA85 /* ImageScanner.h */,
				18BCF453190858080020DA85 /* Processor.h */,
				18BCF454190858080020DA85 /* Scanner.h */,
				18BCF455190858080020DA85 /* Symbol.h */,
				18BCF456190858080020DA85 /* Video.h */,
				18BCF457190858080020DA85 /* Window.h */,
			);
			path = zbar;
			sourceTree = "<group>";
		};
		18BCF464190858080020DA85 /* Resources */ = {
			isa = PBXGroup;
			children = (
				18BCF465190858080020DA85 /* zbar-back.png */,
				18BCF466190858080020DA85 /* zbar-help.html */,
				18BCF467190858080020DA85 /* zbar-helpicons.png */,
				18BCF468190858080020DA85 /* zbar-samples.png */,
			);
			path = Resources;
			sourceTree = "<group>";
		};
/* End PBXGroup section */

/* Begin PBXNativeTarget section */
		1853BF4E18F2A27000DBFC2A /* MyAccount */ = {
			isa = PBXNativeTarget;
			buildConfigurationList = 1853BF8118F2A27000DBFC2A /* Build configuration list for PBXNativeTarget "MyAccount" */;
			buildPhases = (
				1853BF4B18F2A27000DBFC2A /* Sources */,
				1853BF4C18F2A27000DBFC2A /* Frameworks */,
				1853BF4D18F2A27000DBFC2A /* Resources */,
			);
			buildRules = (
			);
			dependencies = (
			);
			name = MyAccount;
			productName = MyAccount;
			productReference = 1853BF4F18F2A27000DBFC2A /* MyAccount.app */;
			productType = "com.apple.product-type.application";
		};
		1853BF6E18F2A27000DBFC2A /* MyAccountTests */ = {
			isa = PBXNativeTarget;
			buildConfigurationList = 1853BF8418F2A27000DBFC2A /* Build configuration list for PBXNativeTarget "MyAccountTests" */;
			buildPhases = (
				1853BF6B18F2A27000DBFC2A /* Sources */,
				1853BF6C18F2A27000DBFC2A /* Frameworks */,
				1853BF6D18F2A27000DBFC2A /* Resources */,
			);
			buildRules = (
			);
			dependencies = (
				1853BF7618F2A27000DBFC2A /* PBXTargetDependency */,
			);
			name = MyAccountTests;
			productName = MyAccountTests;
			productReference = 1853BF6F18F2A27000DBFC2A /* MyAccountTests.xctest */;
			productType = "com.apple.product-type.bundle.unit-test";
		};
/* End PBXNativeTarget section */

/* Begin PBXProject section */
		1853BF4718F2A27000DBFC2A /* Project object */ = {
			isa = PBXProject;
			attributes = {
				LastUpgradeCheck = 0510;
				ORGANIZATIONNAME = "Fangyijie Wang";
				TargetAttributes = {
					1853BF6E18F2A27000DBFC2A = {
						TestTargetID = 1853BF4E18F2A27000DBFC2A;
					};
				};
			};
			buildConfigurationList = 1853BF4A18F2A27000DBFC2A /* Build configuration list for PBXProject "MyAccount" */;
			compatibilityVersion = "Xcode 3.2";
			developmentRegion = English;
			hasScannedForEncodings = 0;
			knownRegions = (
				en,
			);
			mainGroup = 1853BF4618F2A27000DBFC2A;
			productRefGroup = 1853BF5018F2A27000DBFC2A /* Products */;
			projectDirPath = "";
			projectRoot = "";
			targets = (
				1853BF4E18F2A27000DBFC2A /* MyAccount */,
				1853BF6E18F2A27000DBFC2A /* MyAccountTests */,
			);
		};
/* End PBXProject section */

/* Begin PBXResourcesBuildPhase section */
		1853BF4D18F2A27000DBFC2A /* Resources */ = {
			isa = PBXResourcesBuildPhase;
			buildActionMask = 2147483647;
			files = (
				18BCF4741908596F0020DA85 /* book-32.png in Resources */,
				18BCF47A190859810020DA85 /* list-32.png in Resources */,
				18BCF46D190858090020DA85 /* zbar-help.html in Resources */,
				18BCF480190859D20020DA85 /* info-32.png in Resources */,
				1853BF5F18F2A27000DBFC2A /* InfoPlist.strings in Resources */,
				1853BF6A18F2A27000DBFC2A /* Images.xcassets in Resources */,
				18BCF47D1908598A0020DA85 /* combo-32.png in Resources */,
				18BCF46F190858090020DA85 /* zbar-helpicons.png in Resources */,
				1853BF9518F2B5A800DBFC2A /* MyAccountStoryBoard.storyboard in Resources */,
				18BCF48319085A110020DA85 /* EUR-32.png in Resources */,
				18BCF4771908597A0020DA85 /* leave-32.png in Resources */,
				18BCF471190858090020DA85 /* zbar-samples.png in Resources */,
				18BCF46B190858090020DA85 /* zbar-back.png in Resources */,
			);
			runOnlyForDeploymentPostprocessing = 0;
		};
		1853BF6D18F2A27000DBFC2A /* Resources */ = {
			isa = PBXResourcesBuildPhase;
			buildActionMask = 2147483647;
			files = (
				1853BF7C18F2A27000DBFC2A /* InfoPlist.strings in Resources */,
				18BCF4781908597A0020DA85 /* leave-32.png in Resources */,
				18BCF481190859D20020DA85 /* info-32.png in Resources */,
				18BCF472190858090020DA85 /* zbar-samples.png in Resources */,
				18BCF46E190858090020DA85 /* zbar-help.html in Resources */,
				18BCF47B190859810020DA85 /* list-32.png in Resources */,
				18BCF48419085A110020DA85 /* EUR-32.png in Resources */,
				18BCF47E1908598A0020DA85 /* combo-32.png in Resources */,
				18BCF4751908596F0020DA85 /* book-32.png in Resources */,
				18BCF470190858090020DA85 /* zbar-helpicons.png in Resources */,
				18BCF46C190858090020DA85 /* zbar-back.png in Resources */,
			);
			runOnlyForDeploymentPostprocessing = 0;
		};
/* End PBXResourcesBuildPhase section */

/* Begin PBXSourcesBuildPhase section */
		1853BF4B18F2A27000DBFC2A /* Sources */ = {
			isa = PBXSourcesBuildPhase;
			buildActionMask = 2147483647;
			files = (
				1815FE24190198CE007279F2 /* BarChartView.m in Sources */,
				18A0389718FA0AD5001152BF /* ViewDetailVC.m in Sources */,
				18A0389C18FA1244001152BF /* AboutVC.m in Sources */,
				1890C01118F83CE600F44114 /* Debt.m in Sources */,
				1853BF6518F2A27000DBFC2A /* AppDelegate.m in Sources */,
				1820CC5F18FC890E007769C5 /* MoneyOperation.m in Sources */,
				1812F22819009F4000377FB9 /* ChartVC.m in Sources */,
				18B59F2C18F5D4B800B07C10 /* DateOperation.m in Sources */,
				181A4E9218F47B920037299D /* DebtVC.m in Sources */,
				181A4E8718F439250037299D /* ViewAccountVC.m in Sources */,
				181A4E8C18F4734A0037299D /* PeriodRecordsVC.m in Sources */,
				18D881E018FB39BC0091502C /* CoreDataTableTableViewController.m in Sources */,
				1890C01418F83CE700F44114 /* Record.m in Sources */,
				181A4E8F18F476F90037299D /* AllRecordsVC.m in Sources */,
				18A0389F18FA1359001152BF /* RecordsDetailVC.m in Sources */,
				1812F2321900B17700377FB9 /* ScanCodeVC.m in Sources */,
				18A514EE18F72E3300E4B783 /* NewRecordVC.m in Sources */,
				1853BF6818F2A27000DBFC2A /* MyAccount.xcdatamodeld in Sources */,
				1853BF6118F2A27000DBFC2A /* main.m in Sources */,
			);
			runOnlyForDeploymentPostprocessing = 0;
		};
		1853BF6B18F2A27000DBFC2A /* Sources */ = {
			isa = PBXSourcesBuildPhase;
			buildActionMask = 2147483647;
			files = (
				1853BF7E18F2A27000DBFC2A /* MyAccountTests.m in Sources */,
			);
			runOnlyForDeploymentPostprocessing = 0;
		};
/* End PBXSourcesBuildPhase section */

/* Begin PBXTargetDependency section */
		1853BF7618F2A27000DBFC2A /* PBXTargetDependency */ = {
			isa = PBXTargetDependency;
			target = 1853BF4E18F2A27000DBFC2A /* MyAccount */;
			targetProxy = 1853BF7518F2A27000DBFC2A /* PBXContainerItemProxy */;
		};
/* End PBXTargetDependency section */

/* Begin PBXVariantGroup section */
		1853BF5D18F2A27000DBFC2A /* InfoPlist.strings */ = {
			isa = PBXVariantGroup;
			children = (
				1853BF5E18F2A27000DBFC2A /* en */,
			);
			name = InfoPlist.strings;
			sourceTree = "<group>";
		};
		1853BF7A18F2A27000DBFC2A /* InfoPlist.strings */ = {
			isa = PBXVariantGroup;
			children = (
				1853BF7B18F2A27000DBFC2A /* en */,
			);
			name = InfoPlist.strings;
			sourceTree = "<group>";
		};
/* End PBXVariantGroup section */

/* Begin XCBuildConfiguration section */
		1853BF7F18F2A27000DBFC2A /* Debug */ = {
			isa = XCBuildConfiguration;
			buildSettings = {
				ALWAYS_SEARCH_USER_PATHS = NO;
				CLANG_CXX_LANGUAGE_STANDARD = "gnu++0x";
				CLANG_CXX_LIBRARY = "libc++";
				CLANG_ENABLE_MODULES = YES;
				CLANG_ENABLE_OBJC_ARC = YES;
				CLANG_WARN_BOOL_CONVERSION = YES;
				CLANG_WARN_CONSTANT_CONVERSION = YES;
				CLANG_WARN_DIRECT_OBJC_ISA_USAGE = YES_ERROR;
				CLANG_WARN_EMPTY_BODY = YES;
				CLANG_WARN_ENUM_CONVERSION = YES;
				CLANG_WARN_INT_CONVERSION = YES;
				CLANG_WARN_OBJC_ROOT_CLASS = YES_ERROR;
				CLANG_WARN__DUPLICATE_METHOD_MATCH = YES;
				"CODE_SIGN_IDENTITY[sdk=iphoneos*]" = "iPhone Developer";
				COPY_PHASE_STRIP = NO;
				GCC_C_LANGUAGE_STANDARD = gnu99;
				GCC_DYNAMIC_NO_PIC = NO;
				GCC_OPTIMIZATION_LEVEL = 0;
				GCC_PREPROCESSOR_DEFINITIONS = (
					"DEBUG=1",
					"$(inherited)",
				);
				GCC_SYMBOLS_PRIVATE_EXTERN = NO;
				GCC_WARN_64_TO_32_BIT_CONVERSION = YES;
				GCC_WARN_ABOUT_RETURN_TYPE = YES_ERROR;
				GCC_WARN_UNDECLARED_SELECTOR = YES;
				GCC_WARN_UNINITIALIZED_AUTOS = YES_AGGRESSIVE;
				GCC_WARN_UNUSED_FUNCTION = YES;
				GCC_WARN_UNUSED_VARIABLE = YES;
				IPHONEOS_DEPLOYMENT_TARGET = 7.1;
				ONLY_ACTIVE_ARCH = YES;
				SDKROOT = iphoneos;
			};
			name = Debug;
		};
		1853BF8018F2A27000DBFC2A /* Release */ = {
			isa = XCBuildConfiguration;
			buildSettings = {
				ALWAYS_SEARCH_USER_PATHS = NO;
				CLANG_CXX_LANGUAGE_STANDARD = "gnu++0x";
				CLANG_CXX_LIBRARY = "libc++";
				CLANG_ENABLE_MODULES = YES;
				CLANG_ENABLE_OBJC_ARC = YES;
				CLANG_WARN_BOOL_CONVERSION = YES;
				CLANG_WARN_CONSTANT_CONVERSION = YES;
				CLANG_WARN_DIRECT_OBJC_ISA_USAGE = YES_ERROR;
				CLANG_WARN_EMPTY_BODY = YES;
				CLANG_WARN_ENUM_CONVERSION = YES;
				CLANG_WARN_INT_CONVERSION = YES;
				CLANG_WARN_OBJC_ROOT_CLASS = YES_ERROR;
				CLANG_WARN__DUPLICATE_METHOD_MATCH = YES;
				"CODE_SIGN_IDENTITY[sdk=iphoneos*]" = "iPhone Developer";
				COPY_PHASE_STRIP = YES;
				ENABLE_NS_ASSERTIONS = NO;
				GCC_C_LANGUAGE_STANDARD = gnu99;
				GCC_WARN_64_TO_32_BIT_CONVERSION = YES;
				GCC_WARN_ABOUT_RETURN_TYPE = YES_ERROR;
				GCC_WARN_UNDECLARED_SELECTOR = YES;
				GCC_WARN_UNINITIALIZED_AUTOS = YES_AGGRESSIVE;
				GCC_WARN_UNUSED_FUNCTION = YES;
				GCC_WARN_UNUSED_VARIABLE = YES;
				IPHONEOS_DEPLOYMENT_TARGET = 7.1;
				SDKROOT = iphoneos;
				VALIDATE_PRODUCT = YES;
			};
			name = Release;
		};
		1853BF8218F2A27000DBFC2A /* Debug */ = {
			isa = XCBuildConfiguration;
			buildSettings = {
				ASSETCATALOG_COMPILER_APPICON_NAME = AppIcon;
				ASSETCATALOG_COMPILER_LAUNCHIMAGE_NAME = LaunchImage;
				CODE_SIGN_IDENTITY = "iPhone Developer";
				GCC_PRECOMPILE_PREFIX_HEADER = YES;
				GCC_PREFIX_HEADER = "MyAccount/MyAccount-Prefix.pch";
				INFOPLIST_FILE = "MyAccount/MyAccount-Info.plist";
				LIBRARY_SEARCH_PATHS = (
					"$(inherited)",
					/Volumes/ZBarSDK/ZBarSDK,
					"$(PROJECT_DIR)/MyAccount/ZBarSDK",
				);
				PRODUCT_NAME = "$(TARGET_NAME)";
				TARGETED_DEVICE_FAMILY = 1;
				WRAPPER_EXTENSION = app;
			};
			name = Debug;
		};
		1853BF8318F2A27000DBFC2A /* Release */ = {
			isa = XCBuildConfiguration;
			buildSettings = {
				ASSETCATALOG_COMPILER_APPICON_NAME = AppIcon;
				ASSETCATALOG_COMPILER_LAUNCHIMAGE_NAME = LaunchImage;
				CODE_SIGN_IDENTITY = "iPhone Developer";
				GCC_PRECOMPILE_PREFIX_HEADER = YES;
				GCC_PREFIX_HEADER = "MyAccount/MyAccount-Prefix.pch";
				INFOPLIST_FILE = "MyAccount/MyAccount-Info.plist";
				LIBRARY_SEARCH_PATHS = (
					"$(inherited)",
					/Volumes/ZBarSDK/ZBarSDK,
					"$(PROJECT_DIR)/MyAccount/ZBarSDK",
				);
				PRODUCT_NAME = "$(TARGET_NAME)";
				TARGETED_DEVICE_FAMILY = 1;
				WRAPPER_EXTENSION = app;
			};
			name = Release;
		};
		1853BF8518F2A27000DBFC2A /* Debug */ = {
			isa = XCBuildConfiguration;
			buildSettings = {
				BUNDLE_LOADER = "$(BUILT_PRODUCTS_DIR)/MyAccount.app/MyAccount";
				FRAMEWORK_SEARCH_PATHS = (
					"$(SDKROOT)/Developer/Library/Frameworks",
					"$(inherited)",
					"$(DEVELOPER_FRAMEWORKS_DIR)",
				);
				GCC_PRECOMPILE_PREFIX_HEADER = YES;
				GCC_PREFIX_HEADER = "MyAccount/MyAccount-Prefix.pch";
				GCC_PREPROCESSOR_DEFINITIONS = (
					"DEBUG=1",
					"$(inherited)",
				);
				INFOPLIST_FILE = "MyAccountTests/MyAccountTests-Info.plist";
				LIBRARY_SEARCH_PATHS = (
					"$(inherited)",
					"$(PROJECT_DIR)/MyAccount/ZBarSDK",
				);
				PRODUCT_NAME = "$(TARGET_NAME)";
				TEST_HOST = "$(BUNDLE_LOADER)";
				WRAPPER_EXTENSION = xctest;
			};
			name = Debug;
		};
		1853BF8618F2A27000DBFC2A /* Release */ = {
			isa = XCBuildConfiguration;
			buildSettings = {
				BUNDLE_LOADER = "$(BUILT_PRODUCTS_DIR)/MyAccount.app/MyAccount";
				FRAMEWORK_SEARCH_PATHS = (
					"$(SDKROOT)/Developer/Library/Frameworks",
					"$(inherited)",
					"$(DEVELOPER_FRAMEWORKS_DIR)",
				);
				GCC_PRECOMPILE_PREFIX_HEADER = YES;
				GCC_PREFIX_HEADER = "MyAccount/MyAccount-Prefix.pch";
				INFOPLIST_FILE = "MyAccountTests/MyAccountTests-Info.plist";
				LIBRARY_SEARCH_PATHS = (
					"$(inherited)",
					"$(PROJECT_DIR)/MyAccount/ZBarSDK",
				);
				PRODUCT_NAME = "$(TARGET_NAME)";
				TEST_HOST = "$(BUNDLE_LOADER)";
				WRAPPER_EXTENSION = xctest;
			};
			name = Release;
		};
/* End XCBuildConfiguration section */

/* Begin XCConfigurationList section */
		1853BF4A18F2A27000DBFC2A /* Build configuration list for PBXProject "MyAccount" */ = {
			isa = XCConfigurationList;
			buildConfigurations = (
				1853BF7F18F2A27000DBFC2A /* Debug */,
				1853BF8018F2A27000DBFC2A /* Release */,
			);
			defaultConfigurationIsVisible = 0;
			defaultConfigurationName = Release;
		};
		1853BF8118F2A27000DBFC2A /* Build configuration list for PBXNativeTarget "MyAccount" */ = {
			isa = XCConfigurationList;
			buildConfigurations = (
				1853BF8218F2A27000DBFC2A /* Debug */,
				1853BF8318F2A27000DBFC2A /* Release */,
			);
			defaultConfigurationIsVisible = 0;
			defaultConfigurationName = Release;
		};
		1853BF8418F2A27000DBFC2A /* Build configuration list for PBXNativeTarget "MyAccountTests" */ = {
			isa = XCConfigurationList;
			buildConfigurations = (
				1853BF8518F2A27000DBFC2A /* Debug */,
				1853BF8618F2A27000DBFC2A /* Release */,
			);
			defaultConfigurationIsVisible = 0;
			defaultConfigurationName = Release;
		};
/* End XCConfigurationList section */

/* Begin XCVersionGroup section */
		1853BF6618F2A27000DBFC2A /* MyAccount.xcdatamodeld */ = {
			isa = XCVersionGroup;
			children = (
				1897F5AE18F770E3009D460F /* MyAccountSceondModel.xcdatamodel */,
				1853BF6718F2A27000DBFC2A /* MyAccount.xcdatamodel */,
			);
			currentVersion = 1853BF6718F2A27000DBFC2A /* MyAccount.xcdatamodel */;
			path = MyAccount.xcdatamodeld;
			sourceTree = "<group>";
			versionGroupType = wrapper.xcdatamodel;
		};
/* End XCVersionGroup section */
	};
	rootObject = 1853BF4718F2A27000DBFC2A /* Project object */;
}
