// !$*UTF8*$!
{
	archiveVersion = 1;
	classes = {
	};
	objectVersion = 46;
	objects = {

/* Begin PBXBuildFile section */
		18B9E89C18841CCE0084D744 /* Foundation.framework in Frameworks */ = {isa = PBXBuildFile; fileRef = 18B9E89B18841CCE0084D744 /* Foundation.framework */; };
		18B9E89E18841CCE0084D744 /* CoreGraphics.framework in Frameworks */ = {isa = PBXBuildFile; fileRef = 18B9E89D18841CCE0084D744 /* CoreGraphics.framework */; };
		18B9E8A018841CCE0084D744 /* UIKit.framework in Frameworks */ = {isa = PBXBuildFile; fileRef = 18B9E89F18841CCE0084D744 /* UIKit.framework */; };
		18B9E8A618841CCE0084D744 /* InfoPlist.strings in Resources */ = {isa = PBXBuildFile; fileRef = 18B9E8A418841CCE0084D744 /* InfoPlist.strings */; };
		18B9E8A818841CCE0084D744 /* main.m in Sources */ = {isa = PBXBuildFile; fileRef = 18B9E8A718841CCE0084D744 /* main.m */; };
		18B9E8AC18841CCE0084D744 /* AppDelegate.m in Sources */ = {isa = PBXBuildFile; fileRef = 18B9E8AB18841CCE0084D744 /* AppDelegate.m */; };
		18B9E8AF18841CCE0084D744 /* Main.storyboard in Resources */ = {isa = PBXBuildFile; fileRef = 18B9E8AD18841CCE0084D744 /* Main.storyboard */; };
		18B9E8B218841CCE0084D744 /* ViewController.m in Sources */ = {isa = PBXBuildFile; fileRef = 18B9E8B118841CCE0084D744 /* ViewController.m */; };
		18B9E8B418841CCE0084D744 /* Images.xcassets in Resources */ = {isa = PBXBuildFile; fileRef = 18B9E8B318841CCE0084D744 /* Images.xcassets */; };
		18B9E8BB18841CCF0084D744 /* XCTest.framework in Frameworks */ = {isa = PBXBuildFile; fileRef = 18B9E8BA18841CCF0084D744 /* XCTest.framework */; };
		18B9E8BC18841CCF0084D744 /* Foundation.framework in Frameworks */ = {isa = PBXBuildFile; fileRef = 18B9E89B18841CCE0084D744 /* Foundation.framework */; };
		18B9E8BD18841CCF0084D744 /* UIKit.framework in Frameworks */ = {isa = PBXBuildFile; fileRef = 18B9E89F18841CCE0084D744 /* UIKit.framework */; };
		18B9E8C518841CCF0084D744 /* InfoPlist.strings in Resources */ = {isa = PBXBuildFile; fileRef = 18B9E8C318841CCF0084D744 /* InfoPlist.strings */; };
		18B9E8C718841CCF0084D744 /* HelloPolyTests.m in Sources */ = {isa = PBXBuildFile; fileRef = 18B9E8C618841CCF0084D744 /* HelloPolyTests.m */; };
		18B9E93D188459720084D744 /* PolygonView.m in Sources */ = {isa = PBXBuildFile; fileRef = 18B9E93C188459720084D744 /* PolygonView.m */; };
		18B9E93E188459720084D744 /* PolygonView.m in Sources */ = {isa = PBXBuildFile; fileRef = 18B9E93C188459720084D744 /* PolygonView.m */; };
		18B9E942188487330084D744 /* PolygonShapeFile.m in Sources */ = {isa = PBXBuildFile; fileRef = 18B9E941188487330084D744 /* PolygonShapeFile.m */; };
		18B9E943188487330084D744 /* PolygonShapeFile.m in Sources */ = {isa = PBXBuildFile; fileRef = 18B9E941188487330084D744 /* PolygonShapeFile.m */; };
/* End PBXBuildFile section */

/* Begin PBXContainerItemProxy section */
		18B9E8BE18841CCF0084D744 /* PBXContainerItemProxy */ = {
			isa = PBXContainerItemProxy;
			containerPortal = 18B9E89018841CCE0084D744 /* Project object */;
			proxyType = 1;
			remoteGlobalIDString = 18B9E89718841CCE0084D744;
			remoteInfo = HelloPoly;
		};
/* End PBXContainerItemProxy section */

/* Begin PBXFileReference section */
		18B9E89818841CCE0084D744 /* HelloPoly.app */ = {isa = PBXFileReference; explicitFileType = wrapper.application; includeInIndex = 0; path = HelloPoly.app; sourceTree = BUILT_PRODUCTS_DIR; };
		18B9E89B18841CCE0084D744 /* Foundation.framework */ = {isa = PBXFileReference; lastKnownFileType = wrapper.framework; name = Foundation.framework; path = System/Library/Frameworks/Foundation.framework; sourceTree = SDKROOT; };
		18B9E89D18841CCE0084D744 /* CoreGraphics.framework */ = {isa = PBXFileReference; lastKnownFileType = wrapper.framework; name = CoreGraphics.framework; path = System/Library/Frameworks/CoreGraphics.framework; sourceTree = SDKROOT; };
		18B9E89F18841CCE0084D744 /* UIKit.framework */ = {isa = PBXFileReference; lastKnownFileType = wrapper.framework; name = UIKit.framework; path = System/Library/Frameworks/UIKit.framework; sourceTree = SDKROOT; };
		18B9E8A318841CCE0084D744 /* HelloPoly-Info.plist */ = {isa = PBXFileReference; lastKnownFileType = text.plist.xml; path = "HelloPoly-Info.plist"; sourceTree = "<group>"; };
		18B9E8A518841CCE0084D744 /* en */ = {isa = PBXFileReference; lastKnownFileType = text.plist.strings; name = en; path = en.lproj/InfoPlist.strings; sourceTree = "<group>"; };
		18B9E8A718841CCE0084D744 /* main.m */ = {isa = PBXFileReference; lastKnownFileType = sourcecode.c.objc; path = main.m; sourceTree = "<group>"; };
		18B9E8A918841CCE0084D744 /* HelloPoly-Prefix.pch */ = {isa = PBXFileReference; lastKnownFileType = sourcecode.c.h; path = "HelloPoly-Prefix.pch"; sourceTree = "<group>"; };
		18B9E8AA18841CCE0084D744 /* AppDelegate.h */ = {isa = PBXFileReference; lastKnownFileType = sourcecode.c.h; path = AppDelegate.h; sourceTree = "<group>"; };
		18B9E8AB18841CCE0084D744 /* AppDelegate.m */ = {isa = PBXFileReference; lastKnownFileType = sourcecode.c.objc; path = AppDelegate.m; sourceTree = "<group>"; };
		18B9E8AE18841CCE0084D744 /* Base */ = {isa = PBXFileReference; lastKnownFileType = file.storyboard; name = Base; path = Base.lproj/Main.storyboard; sourceTree = "<group>"; };
		18B9E8B018841CCE0084D744 /* ViewController.h */ = {isa = PBXFileReference; lastKnownFileType = sourcecode.c.h; name = ViewController.h; path = ../ViewController.h; sourceTree = "<group>"; };
		18B9E8B118841CCE0084D744 /* ViewController.m */ = {isa = PBXFileReference; lastKnownFileType = sourcecode.c.objc; name = ViewController.m; path = ../ViewController.m; sourceTree = "<group>"; };
		18B9E8B318841CCE0084D744 /* Images.xcassets */ = {isa = PBXFileReference; lastKnownFileType = folder.assetcatalog; path = Images.xcassets; sourceTree = "<group>"; };
		18B9E8B918841CCF0084D744 /* HelloPolyTests.xctest */ = {isa = PBXFileReference; explicitFileType = wrapper.cfbundle; includeInIndex = 0; path = HelloPolyTests.xctest; sourceTree = BUILT_PRODUCTS_DIR; };
		18B9E8BA18841CCF0084D744 /* XCTest.framework */ = {isa = PBXFileReference; lastKnownFileType = wrapper.framework; name = XCTest.framework; path = Library/Frameworks/XCTest.framework; sourceTree = DEVELOPER_DIR; };
		18B9E8C218841CCF0084D744 /* HelloPolyTests-Info.plist */ = {isa = PBXFileReference; lastKnownFileType = text.plist.xml; path = "HelloPolyTests-Info.plist"; sourceTree = "<group>"; };
		18B9E8C418841CCF0084D744 /* en */ = {isa = PBXFileReference; lastKnownFileType = text.plist.strings; name = en; path = en.lproj/InfoPlist.strings; sourceTree = "<group>"; };
		18B9E8C618841CCF0084D744 /* HelloPolyTests.m */ = {isa = PBXFileReference; lastKnownFileType = sourcecode.c.objc; path = HelloPolyTests.m; sourceTree = "<group>"; };
		18B9E93B188459600084D744 /* PolygonView.h */ = {isa = PBXFileReference; fileEncoding = 4; lastKnownFileType = sourcecode.c.h; name = PolygonView.h; path = ../PolygonView.h; sourceTree = "<group>"; };
		18B9E93C188459720084D744 /* PolygonView.m */ = {isa = PBXFileReference; fileEncoding = 4; lastKnownFileType = sourcecode.c.objc; name = PolygonView.m; path = ../PolygonView.m; sourceTree = "<group>"; };
		18B9E9401884871B0084D744 /* PolygonShapeFile.h */ = {isa = PBXFileReference; fileEncoding = 4; lastKnownFileType = sourcecode.c.h; name = PolygonShapeFile.h; path = ../PolygonShapeFile.h; sourceTree = "<group>"; };
		18B9E941188487330084D744 /* PolygonShapeFile.m */ = {isa = PBXFileReference; fileEncoding = 4; lastKnownFileType = sourcecode.c.objc; name = PolygonShapeFile.m; path = ../PolygonShapeFile.m; sourceTree = "<group>"; };
/* End PBXFileReference section */

/* Begin PBXFrameworksBuildPhase section */
		18B9E89518841CCE0084D744 /* Frameworks */ = {
			isa = PBXFrameworksBuildPhase;
			buildActionMask = 2147483647;
			files = (
				18B9E89E18841CCE0084D744 /* CoreGraphics.framework in Frameworks */,
				18B9E8A018841CCE0084D744 /* UIKit.framework in Frameworks */,
				18B9E89C18841CCE0084D744 /* Foundation.framework in Frameworks */,
			);
			runOnlyForDeploymentPostprocessing = 0;
		};
		18B9E8B618841CCF0084D744 /* Frameworks */ = {
			isa = PBXFrameworksBuildPhase;
			buildActionMask = 2147483647;
			files = (
				18B9E8BB18841CCF0084D744 /* XCTest.framework in Frameworks */,
				18B9E8BD18841CCF0084D744 /* UIKit.framework in Frameworks */,
				18B9E8BC18841CCF0084D744 /* Foundation.framework in Frameworks */,
			);
			runOnlyForDeploymentPostprocessing = 0;
		};
/* End PBXFrameworksBuildPhase section */

/* Begin PBXGroup section */
		18B9E88F18841CCE0084D744 = {
			isa = PBXGroup;
			children = (
				18B9E8A118841CCE0084D744 /* HelloPoly */,
				18B9E8C018841CCF0084D744 /* HelloPolyTests */,
				18B9E89A18841CCE0084D744 /* Frameworks */,
				18B9E89918841CCE0084D744 /* Products */,
			);
			sourceTree = "<group>";
		};
		18B9E89918841CCE0084D744 /* Products */ = {
			isa = PBXGroup;
			children = (
				18B9E89818841CCE0084D744 /* HelloPoly.app */,
				18B9E8B918841CCF0084D744 /* HelloPolyTests.xctest */,
			);
			name = Products;
			sourceTree = "<group>";
		};
		18B9E89A18841CCE0084D744 /* Frameworks */ = {
			isa = PBXGroup;
			children = (
				18B9E89B18841CCE0084D744 /* Foundation.framework */,
				18B9E89D18841CCE0084D744 /* CoreGraphics.framework */,
				18B9E89F18841CCE0084D744 /* UIKit.framework */,
				18B9E8BA18841CCF0084D744 /* XCTest.framework */,
			);
			name = Frameworks;
			sourceTree = "<group>";
		};
		18B9E8A118841CCE0084D744 /* HelloPoly */ = {
			isa = PBXGroup;
			children = (
				18B9E8AD18841CCE0084D744 /* Main.storyboard */,
				18F5674A1884BF8E00AC728E /* HelloPolyMVC */,
				18B9E8B318841CCE0084D744 /* Images.xcassets */,
				18B9E8A218841CCE0084D744 /* Supporting Files */,
			);
			path = HelloPoly;
			sourceTree = "<group>";
		};
		18B9E8A218841CCE0084D744 /* Supporting Files */ = {
			isa = PBXGroup;
			children = (
				18B9E8AB18841CCE0084D744 /* AppDelegate.m */,
				18B9E8AA18841CCE0084D744 /* AppDelegate.h */,
				18B9E8A318841CCE0084D744 /* HelloPoly-Info.plist */,
				18B9E8A418841CCE0084D744 /* InfoPlist.strings */,
				18B9E8A718841CCE0084D744 /* main.m */,
				18B9E8A918841CCE0084D744 /* HelloPoly-Prefix.pch */,
			);
			name = "Supporting Files";
			sourceTree = "<group>";
		};
		18B9E8C018841CCF0084D744 /* HelloPolyTests */ = {
			isa = PBXGroup;
			children = (
				18B9E8C618841CCF0084D744 /* HelloPolyTests.m */,
				18B9E8C118841CCF0084D744 /* Supporting Files */,
			);
			path = HelloPolyTests;
			sourceTree = "<group>";
		};
		18B9E8C118841CCF0084D744 /* Supporting Files */ = {
			isa = PBXGroup;
			children = (
				18B9E8C218841CCF0084D744 /* HelloPolyTests-Info.plist */,
				18B9E8C318841CCF0084D744 /* InfoPlist.strings */,
			);
			name = "Supporting Files";
			sourceTree = "<group>";
		};
		18F5674A1884BF8E00AC728E /* HelloPolyMVC */ = {
			isa = PBXGroup;
			children = (
				18B9E8B018841CCE0084D744 /* ViewController.h */,
				18B9E8B118841CCE0084D744 /* ViewController.m */,
				18B9E9401884871B0084D744 /* PolygonShapeFile.h */,
				18B9E941188487330084D744 /* PolygonShapeFile.m */,
				18B9E93B188459600084D744 /* PolygonView.h */,
				18B9E93C188459720084D744 /* PolygonView.m */,
			);
			path = HelloPolyMVC;
			sourceTree = "<group>";
		};
/* End PBXGroup section */

/* Begin PBXNativeTarget section */
		18B9E89718841CCE0084D744 /* HelloPoly */ = {
			isa = PBXNativeTarget;
			buildConfigurationList = 18B9E8CA18841CCF0084D744 /* Build configuration list for PBXNativeTarget "HelloPoly" */;
			buildPhases = (
				18B9E89418841CCE0084D744 /* Sources */,
				18B9E89518841CCE0084D744 /* Frameworks */,
				18B9E89618841CCE0084D744 /* Resources */,
			);
			buildRules = (
			);
			dependencies = (
			);
			name = HelloPoly;
			productName = HelloPoly;
			productReference = 18B9E89818841CCE0084D744 /* HelloPoly.app */;
			productType = "com.apple.product-type.application";
		};
		18B9E8B818841CCF0084D744 /* HelloPolyTests */ = {
			isa = PBXNativeTarget;
			buildConfigurationList = 18B9E8CD18841CCF0084D744 /* Build configuration list for PBXNativeTarget "HelloPolyTests" */;
			buildPhases = (
				18B9E8B518841CCF0084D744 /* Sources */,
				18B9E8B618841CCF0084D744 /* Frameworks */,
				18B9E8B718841CCF0084D744 /* Resources */,
			);
			buildRules = (
			);
			dependencies = (
				18B9E8BF18841CCF0084D744 /* PBXTargetDependency */,
			);
			name = HelloPolyTests;
			productName = HelloPolyTests;
			productReference = 18B9E8B918841CCF0084D744 /* HelloPolyTests.xctest */;
			productType = "com.apple.product-type.bundle.unit-test";
		};
/* End PBXNativeTarget section */

/* Begin PBXProject section */
		18B9E89018841CCE0084D744 /* Project object */ = {
			isa = PBXProject;
			attributes = {
				LastUpgradeCheck = 0500;
				ORGANIZATIONNAME = apple;
				TargetAttributes = {
					18B9E8B818841CCF0084D744 = {
						TestTargetID = 18B9E89718841CCE0084D744;
					};
				};
			};
			buildConfigurationList = 18B9E89318841CCE0084D744 /* Build configuration list for PBXProject "HelloPoly" */;
			compatibilityVersion = "Xcode 3.2";
			developmentRegion = English;
			hasScannedForEncodings = 0;
			knownRegions = (
				en,
				Base,
			);
			mainGroup = 18B9E88F18841CCE0084D744;
			productRefGroup = 18B9E89918841CCE0084D744 /* Products */;
			projectDirPath = "";
			projectRoot = "";
			targets = (
				18B9E89718841CCE0084D744 /* HelloPoly */,
				18B9E8B818841CCF0084D744 /* HelloPolyTests */,
			);
		};
/* End PBXProject section */

/* Begin PBXResourcesBuildPhase section */
		18B9E89618841CCE0084D744 /* Resources */ = {
			isa = PBXResourcesBuildPhase;
			buildActionMask = 2147483647;
			files = (
				18B9E8B418841CCE0084D744 /* Images.xcassets in Resources */,
				18B9E8A618841CCE0084D744 /* InfoPlist.strings in Resources */,
				18B9E8AF18841CCE0084D744 /* Main.storyboard in Resources */,
			);
			runOnlyForDeploymentPostprocessing = 0;
		};
		18B9E8B718841CCF0084D744 /* Resources */ = {
			isa = PBXResourcesBuildPhase;
			buildActionMask = 2147483647;
			files = (
				18B9E8C518841CCF0084D744 /* InfoPlist.strings in Resources */,
			);
			runOnlyForDeploymentPostprocessing = 0;
		};
/* End PBXResourcesBuildPhase section */

/* Begin PBXSourcesBuildPhase section */
		18B9E89418841CCE0084D744 /* Sources */ = {
			isa = PBXSourcesBuildPhase;
			buildActionMask = 2147483647;
			files = (
				18B9E93D188459720084D744 /* PolygonView.m in Sources */,
				18B9E8B218841CCE0084D744 /* ViewController.m in Sources */,
				18B9E8AC18841CCE0084D744 /* AppDelegate.m in Sources */,
				18B9E942188487330084D744 /* PolygonShapeFile.m in Sources */,
				18B9E8A818841CCE0084D744 /* main.m in Sources */,
			);
			runOnlyForDeploymentPostprocessing = 0;
		};
		18B9E8B518841CCF0084D744 /* Sources */ = {
			isa = PBXSourcesBuildPhase;
			buildActionMask = 2147483647;
			files = (
				18B9E8C718841CCF0084D744 /* HelloPolyTests.m in Sources */,
				18B9E943188487330084D744 /* PolygonShapeFile.m in Sources */,
				18B9E93E188459720084D744 /* PolygonView.m in Sources */,
			);
			runOnlyForDeploymentPostprocessing = 0;
		};
/* End PBXSourcesBuildPhase section */

/* Begin PBXTargetDependency section */
		18B9E8BF18841CCF0084D744 /* PBXTargetDependency */ = {
			isa = PBXTargetDependency;
			target = 18B9E89718841CCE0084D744 /* HelloPoly */;
			targetProxy = 18B9E8BE18841CCF0084D744 /* PBXContainerItemProxy */;
		};
/* End PBXTargetDependency section */

/* Begin PBXVariantGroup section */
		18B9E8A418841CCE0084D744 /* InfoPlist.strings */ = {
			isa = PBXVariantGroup;
			children = (
				18B9E8A518841CCE0084D744 /* en */,
			);
			name = InfoPlist.strings;
			sourceTree = "<group>";
		};
		18B9E8AD18841CCE0084D744 /* Main.storyboard */ = {
			isa = PBXVariantGroup;
			children = (
				18B9E8AE18841CCE0084D744 /* Base */,
			);
			name = Main.storyboard;
			sourceTree = "<group>";
		};
		18B9E8C318841CCF0084D744 /* InfoPlist.strings */ = {
			isa = PBXVariantGroup;
			children = (
				18B9E8C418841CCF0084D744 /* en */,
			);
			name = InfoPlist.strings;
			sourceTree = "<group>";
		};
/* End PBXVariantGroup section */

/* Begin XCBuildConfiguration section */
		18B9E8C818841CCF0084D744 /* Debug */ = {
			isa = XCBuildConfiguration;
			buildSettings = {
				ALWAYS_SEARCH_USER_PATHS = NO;
				ARCHS = "$(ARCHS_STANDARD_INCLUDING_64_BIT)";
				CLANG_CXX_LANGUAGE_STANDARD = "gnu++0x";
				CLANG_CXX_LIBRARY = "libc++";
				CLANG_ENABLE_MODULES = YES;
				CLANG_ENABLE_OBJC_ARC = YES;
				CLANG_WARN_BOOL_CONVERSION = YES;
				CLANG_WARN_CONSTANT_CONVERSION = YES;
				CLANG_WARN_DIRECT_OBJC_ISA_USAGE = YES_ERROR;
				CLANG_WARN_EMPTY_BODY = YES;
				CLANG_WARN_ENUM_CONVERSION = YES;
				CLANG_WARN_INT_CONVERSION = YES;
				CLANG_WARN_OBJC_ROOT_CLASS = YES_ERROR;
				CLANG_WARN__DUPLICATE_METHOD_MATCH = YES;
				"CODE_SIGN_IDENTITY[sdk=iphoneos*]" = "iPhone Developer";
				COPY_PHASE_STRIP = NO;
				GCC_C_LANGUAGE_STANDARD = gnu99;
				GCC_DYNAMIC_NO_PIC = NO;
				GCC_OPTIMIZATION_LEVEL = 0;
				GCC_PREPROCESSOR_DEFINITIONS = (
					"DEBUG=1",
					"$(inherited)",
				);
				GCC_SYMBOLS_PRIVATE_EXTERN = NO;
				GCC_WARN_64_TO_32_BIT_CONVERSION = YES;
				GCC_WARN_ABOUT_RETURN_TYPE = YES_ERROR;
				GCC_WARN_UNDECLARED_SELECTOR = YES;
				GCC_WARN_UNINITIALIZED_AUTOS = YES;
				GCC_WARN_UNUSED_FUNCTION = YES;
				GCC_WARN_UNUSED_VARIABLE = YES;
				IPHONEOS_DEPLOYMENT_TARGET = 7.0;
				ONLY_ACTIVE_ARCH = YES;
				SDKROOT = iphoneos;
			};
			name = Debug;
		};
		18B9E8C918841CCF0084D744 /* Release */ = {
			isa = XCBuildConfiguration;
			buildSettings = {
				ALWAYS_SEARCH_USER_PATHS = NO;
				ARCHS = "$(ARCHS_STANDARD_INCLUDING_64_BIT)";
				CLANG_CXX_LANGUAGE_STANDARD = "gnu++0x";
				CLANG_CXX_LIBRARY = "libc++";
				CLANG_ENABLE_MODULES = YES;
				CLANG_ENABLE_OBJC_ARC = YES;
				CLANG_WARN_BOOL_CONVERSION = YES;
				CLANG_WARN_CONSTANT_CONVERSION = YES;
				CLANG_WARN_DIRECT_OBJC_ISA_USAGE = YES_ERROR;
				CLANG_WARN_EMPTY_BODY = YES;
				CLANG_WARN_ENUM_CONVERSION = YES;
				CLANG_WARN_INT_CONVERSION = YES;
				CLANG_WARN_OBJC_ROOT_CLASS = YES_ERROR;
				CLANG_WARN__DUPLICATE_METHOD_MATCH = YES;
				"CODE_SIGN_IDENTITY[sdk=iphoneos*]" = "iPhone Developer";
				COPY_PHASE_STRIP = YES;
				ENABLE_NS_ASSERTIONS = NO;
				GCC_C_LANGUAGE_STANDARD = gnu99;
				GCC_WARN_64_TO_32_BIT_CONVERSION = YES;
				GCC_WARN_ABOUT_RETURN_TYPE = YES_ERROR;
				GCC_WARN_UNDECLARED_SELECTOR = YES;
				GCC_WARN_UNINITIALIZED_AUTOS = YES;
				GCC_WARN_UNUSED_FUNCTION = YES;
				GCC_WARN_UNUSED_VARIABLE = YES;
				IPHONEOS_DEPLOYMENT_TARGET = 7.0;
				SDKROOT = iphoneos;
				VALIDATE_PRODUCT = YES;
			};
			name = Release;
		};
		18B9E8CB18841CCF0084D744 /* Debug */ = {
			isa = XCBuildConfiguration;
			buildSettings = {
				ASSETCATALOG_COMPILER_APPICON_NAME = AppIcon;
				ASSETCATALOG_COMPILER_LAUNCHIMAGE_NAME = LaunchImage;
				GCC_PRECOMPILE_PREFIX_HEADER = YES;
				GCC_PREFIX_HEADER = "HelloPoly/HelloPoly-Prefix.pch";
				INFOPLIST_FILE = "HelloPoly/HelloPoly-Info.plist";
				PRODUCT_NAME = "$(TARGET_NAME)";
				WRAPPER_EXTENSION = app;
			};
			name = Debug;
		};
		18B9E8CC18841CCF0084D744 /* Release */ = {
			isa = XCBuildConfiguration;
			buildSettings = {
				ASSETCATALOG_COMPILER_APPICON_NAME = AppIcon;
				ASSETCATALOG_COMPILER_LAUNCHIMAGE_NAME = LaunchImage;
				GCC_PRECOMPILE_PREFIX_HEADER = YES;
				GCC_PREFIX_HEADER = "HelloPoly/HelloPoly-Prefix.pch";
				INFOPLIST_FILE = "HelloPoly/HelloPoly-Info.plist";
				PRODUCT_NAME = "$(TARGET_NAME)";
				WRAPPER_EXTENSION = app;
			};
			name = Release;
		};
		18B9E8CE18841CCF0084D744 /* Debug */ = {
			isa = XCBuildConfiguration;
			buildSettings = {
				ARCHS = "$(ARCHS_STANDARD_INCLUDING_64_BIT)";
				BUNDLE_LOADER = "$(BUILT_PRODUCTS_DIR)/HelloPoly.app/HelloPoly";
				FRAMEWORK_SEARCH_PATHS = (
					"$(SDKROOT)/Developer/Library/Frameworks",
					"$(inherited)",
					"$(DEVELOPER_FRAMEWORKS_DIR)",
				);
				GCC_PRECOMPILE_PREFIX_HEADER = YES;
				GCC_PREFIX_HEADER = "HelloPoly/HelloPoly-Prefix.pch";
				GCC_PREPROCESSOR_DEFINITIONS = (
					"DEBUG=1",
					"$(inherited)",
				);
				INFOPLIST_FILE = "HelloPolyTests/HelloPolyTests-Info.plist";
				PRODUCT_NAME = "$(TARGET_NAME)";
				TEST_HOST = "$(BUNDLE_LOADER)";
				WRAPPER_EXTENSION = xctest;
			};
			name = Debug;
		};
		18B9E8CF18841CCF0084D744 /* Release */ = {
			isa = XCBuildConfiguration;
			buildSettings = {
				ARCHS = "$(ARCHS_STANDARD_INCLUDING_64_BIT)";
				BUNDLE_LOADER = "$(BUILT_PRODUCTS_DIR)/HelloPoly.app/HelloPoly";
				FRAMEWORK_SEARCH_PATHS = (
					"$(SDKROOT)/Developer/Library/Frameworks",
					"$(inherited)",
					"$(DEVELOPER_FRAMEWORKS_DIR)",
				);
				GCC_PRECOMPILE_PREFIX_HEADER = YES;
				GCC_PREFIX_HEADER = "HelloPoly/HelloPoly-Prefix.pch";
				INFOPLIST_FILE = "HelloPolyTests/HelloPolyTests-Info.plist";
				PRODUCT_NAME = "$(TARGET_NAME)";
				TEST_HOST = "$(BUNDLE_LOADER)";
				WRAPPER_EXTENSION = xctest;
			};
			name = Release;
		};
/* End XCBuildConfiguration section */

/* Begin XCConfigurationList section */
		18B9E89318841CCE0084D744 /* Build configuration list for PBXProject "HelloPoly" */ = {
			isa = XCConfigurationList;
			buildConfigurations = (
				18B9E8C818841CCF0084D744 /* Debug */,
				18B9E8C918841CCF0084D744 /* Release */,
			);
			defaultConfigurationIsVisible = 0;
			defaultConfigurationName = Release;
		};
		18B9E8CA18841CCF0084D744 /* Build configuration list for PBXNativeTarget "HelloPoly" */ = {
			isa = XCConfigurationList;
			buildConfigurations = (
				18B9E8CB18841CCF0084D744 /* Debug */,
				18B9E8CC18841CCF0084D744 /* Release */,
			);
			defaultConfigurationIsVisible = 0;
			defaultConfigurationName = Release;
		};
		18B9E8CD18841CCF0084D744 /* Build configuration list for PBXNativeTarget "HelloPolyTests" */ = {
			isa = XCConfigurationList;
			buildConfigurations = (
				18B9E8CE18841CCF0084D744 /* Debug */,
				18B9E8CF18841CCF0084D744 /* Release */,
			);
			defaultConfigurationIsVisible = 0;
			defaultConfigurationName = Release;
		};
/* End XCConfigurationList section */
	};
	rootObject = 18B9E89018841CCE0084D744 /* Project object */;
}
